
Microsoft Visual Studio Solution File, Format Version 12.00
# Visual Studio Version 17
VisualStudioVersion = 17.9.34526.213
MinimumVisualStudioVersion = 10.0.40219.1
Project("{9A19103F-16F7-4668-BE54-9A1E7A4F7556}") = "AudioThing", "AudioThing\AudioThing.csproj", "{F7899E7D-D18C-4C31-A860-1C2B2B6FABEB}"
EndProject
Project("{9A19103F-16F7-4668-BE54-9A1E7A4F7556}") = "Test", "Test\Test.csproj", "{BCAF2BA9-853E-4C7C-A445-C5DABB9D3FAE}"
EndProject
Global
	GlobalSection(SolutionConfigurationPlatforms) = preSolution
		Debug|Any CPU = Debug|Any CPU
		Release|Any CPU = Release|Any CPU
	EndGlobalSection
	GlobalSection(ProjectConfigurationPlatforms) = postSolution
		{F7899E7D-D18C-4C31-A860-1C2B2B6FABEB}.Debug|Any CPU.ActiveCfg = Debug|Any CPU
		{F7899E7D-D18C-4C31-A860-1C2B2B6FABEB}.Debug|Any CPU.Build.0 = Debug|Any CPU
		{F7899E7D-D18C-4C31-A860-1C2B2B6FABEB}.Release|Any CPU.ActiveCfg = Release|Any CPU
		{F7899E7D-D18C-4C31-A860-1C2B2B6FABEB}.Release|Any CPU.Build.0 = Release|Any CPU
		{BCAF2BA9-853E-4C7C-A445-C5DABB9D3FAE}.Debug|Any CPU.ActiveCfg = Debug|Any CPU
		{BCAF2BA9-853E-4C7C-A445-C5DABB9D3FAE}.Debug|Any CPU.Build.0 = Debug|Any CPU
		{BCAF2BA9-853E-4C7C-A445-C5DABB9D3FAE}.Release|Any CPU.ActiveCfg = Release|Any CPU
		{BCAF2BA9-853E-4C7C-A445-C5DABB9D3FAE}.Release|Any CPU.Build.0 = Release|Any CPU
	EndGlobalSection
	GlobalSection(SolutionProperties) = preSolution
		HideSolutionNode = FALSE
	EndGlobalSection
	GlobalSection(ExtensibilityGlobals) = postSolution
		SolutionGuid = {390A57F1-8B33-4F2A-878B-25EBFD9CA01E}
	EndGlobalSection
EndGlobal
